// !$*UTF8*$!
{
	archiveVersion = 1;
	classes = {
	};
	objectVersion = 55;
	objects = {

/* Begin PBXBuildFile section */
		AAB71905272BA26400CF1875 /* AppDelegate.swift in Sources */ = {isa = PBXBuildFile; fileRef = AAB71904272BA26400CF1875 /* AppDelegate.swift */; };
		AAB71907272BA26400CF1875 /* SceneDelegate.swift in Sources */ = {isa = PBXBuildFile; fileRef = AAB71906272BA26400CF1875 /* SceneDelegate.swift */; };
		AAB71909272BA26400CF1875 /* ViewController.swift in Sources */ = {isa = PBXBuildFile; fileRef = AAB71908272BA26400CF1875 /* ViewController.swift */; };
		AAB7190E272BA26B00CF1875 /* Assets.xcassets in Resources */ = {isa = PBXBuildFile; fileRef = AAB7190D272BA26B00CF1875 /* Assets.xcassets */; };
		AAB71911272BA26B00CF1875 /* LaunchScreen.storyboard in Resources */ = {isa = PBXBuildFile; fileRef = AAB7190F272BA26B00CF1875 /* LaunchScreen.storyboard */; };
		AAB71919272BA4B800CF1875 /* Filter.swift in Sources */ = {isa = PBXBuildFile; fileRef = AAB71918272BA4B800CF1875 /* Filter.swift */; };
		AAB7191B272BA4C900CF1875 /* Person.swift in Sources */ = {isa = PBXBuildFile; fileRef = AAB7191A272BA4C900CF1875 /* Person.swift */; };
		AAB7191D272BA70B00CF1875 /* FiltersCollectionViewCell.swift in Sources */ = {isa = PBXBuildFile; fileRef = AAB7191C272BA70B00CF1875 /* FiltersCollectionViewCell.swift */; };
		AAB7191F272BA72000CF1875 /* PeopleCollectionViewCell.swift in Sources */ = {isa = PBXBuildFile; fileRef = AAB7191E272BA72000CF1875 /* PeopleCollectionViewCell.swift */; };
		AAB71947272D21CC00CF1875 /* EmptyCollectionViewCell.swift in Sources */ = {isa = PBXBuildFile; fileRef = AAB71946272D21CC00CF1875 /* EmptyCollectionViewCell.swift */; };
/* End PBXBuildFile section */

/* Begin PBXFileReference section */
		AAB71901272BA26400CF1875 /* sc2796_p5.app */ = {isa = PBXFileReference; explicitFileType = wrapper.application; includeInIndex = 0; path = sc2796_p5.app; sourceTree = BUILT_PRODUCTS_DIR; };
		AAB71904272BA26400CF1875 /* AppDelegate.swift */ = {isa = PBXFileReference; lastKnownFileType = sourcecode.swift; path = AppDelegate.swift; sourceTree = "<group>"; };
		AAB71906272BA26400CF1875 /* SceneDelegate.swift */ = {isa = PBXFileReference; lastKnownFileType = sourcecode.swift; path = SceneDelegate.swift; sourceTree = "<group>"; };
		AAB71908272BA26400CF1875 /* ViewController.swift */ = {isa = PBXFileReference; lastKnownFileType = sourcecode.swift; path = ViewController.swift; sourceTree = "<group>"; };
		AAB7190D272BA26B00CF1875 /* Assets.xcassets */ = {isa = PBXFileReference; lastKnownFileType = folder.assetcatalog; path = Assets.xcassets; sourceTree = "<group>"; };
		AAB71910272BA26B00CF1875 /* Base */ = {isa = PBXFileReference; lastKnownFileType = file.storyboard; name = Base; path = Base.lproj/LaunchScreen.storyboard; sourceTree = "<group>"; };
		AAB71912272BA26B00CF1875 /* Info.plist */ = {isa = PBXFileReference; lastKnownFileType = text.plist.xml; path = Info.plist; sourceTree = "<group>"; };
		AAB71918272BA4B800CF1875 /* Filter.swift */ = {isa = PBXFileReference; lastKnownFileType = sourcecode.swift; path = Filter.swift; sourceTree = "<group>"; };
		AAB7191A272BA4C900CF1875 /* Person.swift */ = {isa = PBXFileReference; lastKnownFileType = sourcecode.swift; path = Person.swift; sourceTree = "<group>"; };
		AAB7191C272BA70B00CF1875 /* FiltersCollectionViewCell.swift */ = {isa = PBXFileReference; lastKnownFileType = sourcecode.swift; path = FiltersCollectionViewCell.swift; sourceTree = "<group>"; };
		AAB7191E272BA72000CF1875 /* PeopleCollectionViewCell.swift */ = {isa = PBXFileReference; lastKnownFileType = sourcecode.swift; path = PeopleCollectionViewCell.swift; sourceTree = "<group>"; };
		AAB71946272D21CC00CF1875 /* EmptyCollectionViewCell.swift */ = {isa = PBXFileReference; lastKnownFileType = sourcecode.swift; path = EmptyCollectionViewCell.swift; sourceTree = "<group>"; };
/* End PBXFileReference section */

/* Begin PBXFrameworksBuildPhase section */
		AAB718FE272BA26400CF1875 /* Frameworks */ = {
			isa = PBXFrameworksBuildPhase;
			buildActionMask = 2147483647;
			files = (
			);
			runOnlyForDeploymentPostprocessing = 0;
		};
/* End PBXFrameworksBuildPhase section */

/* Begin PBXGroup section */
		AAB718F8272BA26400CF1875 = {
			isa = PBXGroup;
			children = (
				AAB71903272BA26400CF1875 /* sc2796_p5 */,
				AAB71902272BA26400CF1875 /* Products */,
			);
			sourceTree = "<group>";
		};
		AAB71902272BA26400CF1875 /* Products */ = {
			isa = PBXGroup;
			children = (
				AAB71901272BA26400CF1875 /* sc2796_p5.app */,
			);
			name = Products;
			sourceTree = "<group>";
		};
		AAB71903272BA26400CF1875 /* sc2796_p5 */ = {
			isa = PBXGroup;
			children = (
				AAB71904272BA26400CF1875 /* AppDelegate.swift */,
				AAB71906272BA26400CF1875 /* SceneDelegate.swift */,
				AAB71908272BA26400CF1875 /* ViewController.swift */,
				AAB71946272D21CC00CF1875 /* EmptyCollectionViewCell.swift */,
				AAB7191C272BA70B00CF1875 /* FiltersCollectionViewCell.swift */,
				AAB7191E272BA72000CF1875 /* PeopleCollectionViewCell.swift */,
				AAB71918272BA4B800CF1875 /* Filter.swift */,
				AAB7191A272BA4C900CF1875 /* Person.swift */,
				AAB7190D272BA26B00CF1875 /* Assets.xcassets */,
				AAB7190F272BA26B00CF1875 /* LaunchScreen.storyboard */,
				AAB71912272BA26B00CF1875 /* Info.plist */,
			);
			path = sc2796_p5;
			sourceTree = "<group>";
		};
/* End PBXGroup section */

/* Begin PBXNativeTarget section */
		AAB71900272BA26400CF1875 /* sc2796_p5 */ = {
			isa = PBXNativeTarget;
			buildConfigurationList = AAB71915272BA26B00CF1875 /* Build configuration list for PBXNativeTarget "sc2796_p5" */;
			buildPhases = (
				AAB718FD272BA26400CF1875 /* Sources */,
				AAB718FE272BA26400CF1875 /* Frameworks */,
				AAB718FF272BA26400CF1875 /* Resources */,
			);
			buildRules = (
			);
			dependencies = (
			);
			name = sc2796_p5;
			productName = sc2796_p5;
			productReference = AAB71901272BA26400CF1875 /* sc2796_p5.app */;
			productType = "com.apple.product-type.application";
		};
/* End PBXNativeTarget section */

/* Begin PBXProject section */
		AAB718F9272BA26400CF1875 /* Project object */ = {
			isa = PBXProject;
			attributes = {
				BuildIndependentTargetsInParallel = 1;
				LastSwiftUpdateCheck = 1300;
				LastUpgradeCheck = 1300;
				TargetAttributes = {
					AAB71900272BA26400CF1875 = {
						CreatedOnToolsVersion = 13.0;
					};
				};
			};
			buildConfigurationList = AAB718FC272BA26400CF1875 /* Build configuration list for PBXProject "sc2796_p5" */;
			compatibilityVersion = "Xcode 13.0";
			developmentRegion = en;
			hasScannedForEncodings = 0;
			knownRegions = (
				en,
				Base,
			);
			mainGroup = AAB718F8272BA26400CF1875;
			productRefGroup = AAB71902272BA26400CF1875 /* Products */;
			projectDirPath = "";
			projectRoot = "";
			targets = (
				AAB71900272BA26400CF1875 /* sc2796_p5 */,
			);
		};
/* End PBXProject section */

/* Begin PBXResourcesBuildPhase section */
		AAB718FF272BA26400CF1875 /* Resources */ = {
			isa = PBXResourcesBuildPhase;
			buildActionMask = 2147483647;
			files = (
				AAB71911272BA26B00CF1875 /* LaunchScreen.storyboard in Resources */,
				AAB7190E272BA26B00CF1875 /* Assets.xcassets in Resources */,
			);
			runOnlyForDeploymentPostprocessing = 0;
		};
/* End PBXResourcesBuildPhase section */

/* Begin PBXSourcesBuildPhase section */
		AAB718FD272BA26400CF1875 /* Sources */ = {
			isa = PBXSourcesBuildPhase;
			buildActionMask = 2147483647;
			files = (
				AAB7191B272BA4C900CF1875 /* Person.swift in Sources */,
				AAB71909272BA26400CF1875 /* ViewController.swift in Sources */,
				AAB7191D272BA70B00CF1875 /* FiltersCollectionViewCell.swift in Sources */,
				AAB7191F272BA72000CF1875 /* PeopleCollectionViewCell.swift in Sources */,
				AAB71919272BA4B800CF1875 /* Filter.swift in Sources */,
				AAB71905272BA26400CF1875 /* AppDelegate.swift in Sources */,
				AAB71947272D21CC00CF1875 /* EmptyCollectionViewCell.swift in Sources */,
				AAB71907272BA26400CF1875 /* SceneDelegate.swift in Sources */,
			);
			runOnlyForDeploymentPostprocessing = 0;
		};
/* End PBXSourcesBuildPhase section */

/* Begin PBXVariantGroup section */
		AAB7190F272BA26B00CF1875 /* LaunchScreen.storyboard */ = {
			isa = PBXVariantGroup;
			children = (
				AAB71910272BA26B00CF1875 /* Base */,
			);
			name = LaunchScreen.storyboard;
			sourceTree = "<group>";
		};
/* End PBXVariantGroup section */

/* Begin XCBuildConfiguration section */
		AAB71913272BA26B00CF1875 /* Debug */ = {
			isa = XCBuildConfiguration;
			buildSettings = {
				ALWAYS_SEARCH_USER_PATHS = NO;
				CLANG_ANALYZER_NONNULL = YES;
				CLANG_ANALYZER_NUMBER_OBJECT_CONVERSION = YES_AGGRESSIVE;
				CLANG_CXX_LANGUAGE_STANDARD = "gnu++17";
				CLANG_CXX_LIBRARY = "libc++";
				CLANG_ENABLE_MODULES = YES;
				CLANG_ENABLE_OBJC_ARC = YES;
				CLANG_ENABLE_OBJC_WEAK = YES;
				CLANG_WARN_BLOCK_CAPTURE_AUTORELEASING = YES;
				CLANG_WARN_BOOL_CONVERSION = YES;
				CLANG_WARN_COMMA = YES;
				CLANG_WARN_CONSTANT_CONVERSION = YES;
				CLANG_WARN_DEPRECATED_OBJC_IMPLEMENTATIONS = YES;
				CLANG_WARN_DIRECT_OBJC_ISA_USAGE = YES_ERROR;
				CLANG_WARN_DOCUMENTATION_COMMENTS = YES;
				CLANG_WARN_EMPTY_BODY = YES;
				CLANG_WARN_ENUM_CONVERSION = YES;
				CLANG_WARN_INFINITE_RECURSION = YES;
				CLANG_WARN_INT_CONVERSION = YES;
				CLANG_WARN_NON_LITERAL_NULL_CONVERSION = YES;
				CLANG_WARN_OBJC_IMPLICIT_RETAIN_SELF = YES;
				CLANG_WARN_OBJC_LITERAL_CONVERSION = YES;
				CLANG_WARN_OBJC_ROOT_CLASS = YES_ERROR;
				CLANG_WARN_QUOTED_INCLUDE_IN_FRAMEWORK_HEADER = YES;
				CLANG_WARN_RANGE_LOOP_ANALYSIS = YES;
				CLANG_WARN_STRICT_PROTOTYPES = YES;
				CLANG_WARN_SUSPICIOUS_MOVE = YES;
				CLANG_WARN_UNGUARDED_AVAILABILITY = YES_AGGRESSIVE;
				CLANG_WARN_UNREACHABLE_CODE = YES;
				CLANG_WARN__DUPLICATE_METHOD_MATCH = YES;
				COPY_PHASE_STRIP = NO;
				DEBUG_INFORMATION_FORMAT = dwarf;
				ENABLE_STRICT_OBJC_MSGSEND = YES;
				ENABLE_TESTABILITY = YES;
				GCC_C_LANGUAGE_STANDARD = gnu11;
				GCC_DYNAMIC_NO_PIC = NO;
				GCC_NO_COMMON_BLOCKS = YES;
				GCC_OPTIMIZATION_LEVEL = 0;
				GCC_PREPROCESSOR_DEFINITIONS = (
					"DEBUG=1",
					"$(inherited)",
				);
				GCC_WARN_64_TO_32_BIT_CONVERSION = YES;
				GCC_WARN_ABOUT_RETURN_TYPE = YES_ERROR;
				GCC_WARN_UNDECLARED_SELECTOR = YES;
				GCC_WARN_UNINITIALIZED_AUTOS = YES_AGGRESSIVE;
				GCC_WARN_UNUSED_FUNCTION = YES;
				GCC_WARN_UNUSED_VARIABLE = YES;
				IPHONEOS_DEPLOYMENT_TARGET = 15.0;
				MTL_ENABLE_DEBUG_INFO = INCLUDE_SOURCE;
				MTL_FAST_MATH = YES;
				ONLY_ACTIVE_ARCH = YES;
				SDKROOT = iphoneos;
				SWIFT_ACTIVE_COMPILATION_CONDITIONS = DEBUG;
				SWIFT_OPTIMIZATION_LEVEL = "-Onone";
			};
			name = Debug;
		};
		AAB71914272BA26B00CF1875 /* Release */ = {
			isa = XCBuildConfiguration;
			buildSettings = {
				ALWAYS_SEARCH_USER_PATHS = NO;
				CLANG_ANALYZER_NONNULL = YES;
				CLANG_ANALYZER_NUMBER_OBJECT_CONVERSION = YES_AGGRESSIVE;
				CLANG_CXX_LANGUAGE_STANDARD = "gnu++17";
				CLANG_CXX_LIBRARY = "libc++";
				CLANG_ENABLE_MODULES = YES;
				CLANG_ENABLE_OBJC_ARC = YES;
				CLANG_ENABLE_OBJC_WEAK = YES;
				CLANG_WARN_BLOCK_CAPTURE_AUTORELEASING = YES;
				CLANG_WARN_BOOL_CONVERSION = YES;
				CLANG_WARN_COMMA = YES;
				CLANG_WARN_CONSTANT_CONVERSION = YES;
				CLANG_WARN_DEPRECATED_OBJC_IMPLEMENTATIONS = YES;
				CLANG_WARN_DIRECT_OBJC_ISA_USAGE = YES_ERROR;
				CLANG_WARN_DOCUMENTATION_COMMENTS = YES;
				CLANG_WARN_EMPTY_BODY = YES;
				CLANG_WARN_ENUM_CONVERSION = YES;
				CLANG_WARN_INFINITE_RECURSION = YES;
				CLANG_WARN_INT_CONVERSION = YES;
				CLANG_WARN_NON_LITERAL_NULL_CONVERSION = YES;
				CLANG_WARN_OBJC_IMPLICIT_RETAIN_SELF = YES;
				CLANG_WARN_OBJC_LITERAL_CONVERSION = YES;
				CLANG_WARN_OBJC_ROOT_CLASS = YES_ERROR;
				CLANG_WARN_QUOTED_INCLUDE_IN_FRAMEWORK_HEADER = YES;
				CLANG_WARN_RANGE_LOOP_ANALYSIS = YES;
				CLANG_WARN_STRICT_PROTOTYPES = YES;
				CLANG_WARN_SUSPICIOUS_MOVE = YES;
				CLANG_WARN_UNGUARDED_AVAILABILITY = YES_AGGRESSIVE;
				CLANG_WARN_UNREACHABLE_CODE = YES;
				CLANG_WARN__DUPLICATE_METHOD_MATCH = YES;
				COPY_PHASE_STRIP = NO;
				DEBUG_INFORMATION_FORMAT = "dwarf-with-dsym";
				ENABLE_NS_ASSERTIONS = NO;
				ENABLE_STRICT_OBJC_MSGSEND = YES;
				GCC_C_LANGUAGE_STANDARD = gnu11;
				GCC_NO_COMMON_BLOCKS = YES;
				GCC_WARN_64_TO_32_BIT_CONVERSION = YES;
				GCC_WARN_ABOUT_RETURN_TYPE = YES_ERROR;
				GCC_WARN_UNDECLARED_SELECTOR = YES;
				GCC_WARN_UNINITIALIZED_AUTOS = YES_AGGRESSIVE;
				GCC_WARN_UNUSED_FUNCTION = YES;
				GCC_WARN_UNUSED_VARIABLE = YES;
				IPHONEOS_DEPLOYMENT_TARGET = 15.0;
				MTL_ENABLE_DEBUG_INFO = NO;
				MTL_FAST_MATH = YES;
				SDKROOT = iphoneos;
				SWIFT_COMPILATION_MODE = wholemodule;
				SWIFT_OPTIMIZATION_LEVEL = "-O";
				VALIDATE_PRODUCT = YES;
			};
			name = Release;
		};
		AAB71916272BA26B00CF1875 /* Debug */ = {
			isa = XCBuildConfiguration;
			buildSettings = {
				ASSETCATALOG_COMPILER_APPICON_NAME = AppIcon;
				ASSETCATALOG_COMPILER_GLOBAL_ACCENT_COLOR_NAME = AccentColor;
				CODE_SIGN_STYLE = Automatic;
				CURRENT_PROJECT_VERSION = 1;
				DEVELOPMENT_TEAM = MNF2UPA9W3;
				GENERATE_INFOPLIST_FILE = YES;
				INFOPLIST_FILE = sc2796_p5/Info.plist;
				INFOPLIST_KEY_UIApplicationSupportsIndirectInputEvents = YES;
				INFOPLIST_KEY_UILaunchStoryboardName = LaunchScreen;
				INFOPLIST_KEY_UIMainStoryboardFile = LaunchScreen;
				INFOPLIST_KEY_UISupportedInterfaceOrientations_iPad = "UIInterfaceOrientationPortrait UIInterfaceOrientationPortraitUpsideDown UIInterfaceOrientationLandscapeLeft UIInterfaceOrientationLandscapeRight";
				INFOPLIST_KEY_UISupportedInterfaceOrientations_iPhone = "UIInterfaceOrientationPortrait UIInterfaceOrientationLandscapeLeft UIInterfaceOrientationLandscapeRight";
				LD_RUNPATH_SEARCH_PATHS = (
					"$(inherited)",
					"@executable_path/Frameworks",
				);
				MARKETING_VERSION = 1.0;
				PRODUCT_BUNDLE_IDENTIFIER = "com.IOSCourse.sc2796-p5";
				PRODUCT_NAME = "$(TARGET_NAME)";
				SWIFT_EMIT_LOC_STRINGS = YES;
				SWIFT_VERSION = 5.0;
				TARGETED_DEVICE_FAMILY = "1,2";
			};
			name = Debug;
		};
		AAB71917272BA26B00CF1875 /* Release */ = {
			isa = XCBuildConfiguration;
			buildSettings = {
				ASSETCATALOG_COMPILER_APPICON_NAME = AppIcon;
				ASSETCATALOG_COMPILER_GLOBAL_ACCENT_COLOR_NAME = AccentColor;
				CODE_SIGN_STYLE = Automatic;
				CURRENT_PROJECT_VERSION = 1;
				DEVELOPMENT_TEAM = MNF2UPA9W3;
				GENERATE_INFOPLIST_FILE = YES;
				INFOPLIST_FILE = sc2796_p5/Info.plist;
				INFOPLIST_KEY_UIApplicationSupportsIndirectInputEvents = YES;
				INFOPLIST_KEY_UILaunchStoryboardName = LaunchScreen;
				INFOPLIST_KEY_UIMainStoryboardFile = LaunchScreen;
				INFOPLIST_KEY_UISupportedInterfaceOrientations_iPad = "UIInterfaceOrientationPortrait UIInterfaceOrientationPortraitUpsideDown UIInterfaceOrientationLandscapeLeft UIInterfaceOrientationLandscapeRight";
				INFOPLIST_KEY_UISupportedInterfaceOrientations_iPhone = "UIInterfaceOrientationPortrait UIInterfaceOrientationLandscapeLeft UIInterfaceOrientationLandscapeRight";
				LD_RUNPATH_SEARCH_PATHS = (
					"$(inherited)",
					"@executable_path/Frameworks",
				);
				MARKETING_VERSION = 1.0;
				PRODUCT_BUNDLE_IDENTIFIER = "com.IOSCourse.sc2796-p5";
				PRODUCT_NAME = "$(TARGET_NAME)";
				SWIFT_EMIT_LOC_STRINGS = YES;
				SWIFT_VERSION = 5.0;
				TARGETED_DEVICE_FAMILY = "1,2";
			};
			name = Release;
		};
/* End XCBuildConfiguration section */

/* Begin XCConfigurationList section */
		AAB718FC272BA26400CF1875 /* Build configuration list for PBXProject "sc2796_p5" */ = {
			isa = XCConfigurationList;
			buildConfigurations = (
				AAB71913272BA26B00CF1875 /* Debug */,
				AAB71914272BA26B00CF1875 /* Release */,
			);
			defaultConfigurationIsVisible = 0;
			defaultConfigurationName = Release;
		};
		AAB71915272BA26B00CF1875 /* Build configuration list for PBXNativeTarget "sc2796_p5" */ = {
			isa = XCConfigurationList;
			buildConfigurations = (
				AAB71916272BA26B00CF1875 /* Debug */,
				AAB71917272BA26B00CF1875 /* Release */,
			);
			defaultConfigurationIsVisible = 0;
			defaultConfigurationName = Release;
		};
/* End XCConfigurationList section */
	};
	rootObject = AAB718F9272BA26400CF1875 /* Project object */;
}
